
Microsoft Visual Studio Solution File, Format Version 12.00
# Visual Studio 15
VisualStudioVersion = 15.0.27428.2015
MinimumVisualStudioVersion = 10.0.40219.1
Project("{FAE04EC0-301F-11D3-BF4B-00C04F79EFBC}") = "SpecialPageRenderer.Android", "SpecialPageRenderer\SpecialPageRenderer.Android\SpecialPageRenderer.Android.csproj", "{BB7984C3-0DFE-4494-BDF2-D0CACE605A4A}"
EndProject
Project("{FAE04EC0-301F-11D3-BF4B-00C04F79EFBC}") = "SpecialPageRenderer.iOS", "SpecialPageRenderer\SpecialPageRenderer.iOS\SpecialPageRenderer.iOS.csproj", "{F4BFA009-BAA2-40E9-9EE3-C816952A3CEE}"
EndProject
Project("{FAE04EC0-301F-11D3-BF4B-00C04F79EFBC}") = "SpecialPageRenderer", "SpecialPageRenderer\SpecialPageRenderer\SpecialPageRenderer.csproj", "{A2DB2063-9011-4158-8748-84CE29D711A2}"
EndProject
Global
	GlobalSection(SolutionConfigurationPlatforms) = preSolution
		Ad-Hoc|Any CPU = Ad-Hoc|Any CPU
		Ad-Hoc|iPhone = Ad-Hoc|iPhone
		Ad-Hoc|iPhoneSimulator = Ad-Hoc|iPhoneSimulator
		AppStore|Any CPU = AppStore|Any CPU
		AppStore|iPhone = AppStore|iPhone
		AppStore|iPhoneSimulator = AppStore|iPhoneSimulator
		Debug|Any CPU = Debug|Any CPU
		Debug|iPhone = Debug|iPhone
		Debug|iPhoneSimulator = Debug|iPhoneSimulator
		Release|Any CPU = Release|Any CPU
		Release|iPhone = Release|iPhone
		Release|iPhoneSimulator = Release|iPhoneSimulator
	EndGlobalSection
	GlobalSection(ProjectConfigurationPlatforms) = postSolution
		{BB7984C3-0DFE-4494-BDF2-D0CACE605A4A}.Ad-Hoc|Any CPU.ActiveCfg = Release|Any CPU
		{BB7984C3-0DFE-4494-BDF2-D0CACE605A4A}.Ad-Hoc|Any CPU.Build.0 = Release|Any CPU
		{BB7984C3-0DFE-4494-BDF2-D0CACE605A4A}.Ad-Hoc|Any CPU.Deploy.0 = Release|Any CPU
		{BB7984C3-0DFE-4494-BDF2-D0CACE605A4A}.Ad-Hoc|iPhone.ActiveCfg = Release|Any CPU
		{BB7984C3-0DFE-4494-BDF2-D0CACE605A4A}.Ad-Hoc|iPhone.Build.0 = Release|Any CPU
		{BB7984C3-0DFE-4494-BDF2-D0CACE605A4A}.Ad-Hoc|iPhone.Deploy.0 = Release|Any CPU
		{BB7984C3-0DFE-4494-BDF2-D0CACE605A4A}.Ad-Hoc|iPhoneSimulator.ActiveCfg = Release|Any CPU
		{BB7984C3-0DFE-4494-BDF2-D0CACE605A4A}.Ad-Hoc|iPhoneSimulator.Build.0 = Release|Any CPU
		{BB7984C3-0DFE-4494-BDF2-D0CACE605A4A}.Ad-Hoc|iPhoneSimulator.Deploy.0 = Release|Any CPU
		{BB7984C3-0DFE-4494-BDF2-D0CACE605A4A}.AppStore|Any CPU.ActiveCfg = Release|Any CPU
		{BB7984C3-0DFE-4494-BDF2-D0CACE605A4A}.AppStore|Any CPU.Build.0 = Release|Any CPU
		{BB7984C3-0DFE-4494-BDF2-D0CACE605A4A}.AppStore|Any CPU.Deploy.0 = Release|Any CPU
		{BB7984C3-0DFE-4494-BDF2-D0CACE605A4A}.AppStore|iPhone.ActiveCfg = Release|Any CPU
		{BB7984C3-0DFE-4494-BDF2-D0CACE605A4A}.AppStore|iPhone.Build.0 = Release|Any CPU
		{BB7984C3-0DFE-4494-BDF2-D0CACE605A4A}.AppStore|iPhone.Deploy.0 = Release|Any CPU
		{BB7984C3-0DFE-4494-BDF2-D0CACE605A4A}.AppStore|iPhoneSimulator.ActiveCfg = Release|Any CPU
		{BB7984C3-0DFE-4494-BDF2-D0CACE605A4A}.AppStore|iPhoneSimulator.Build.0 = Release|Any CPU
		{BB7984C3-0DFE-4494-BDF2-D0CACE605A4A}.AppStore|iPhoneSimulator.Deploy.0 = Release|Any CPU
		{BB7984C3-0DFE-4494-BDF2-D0CACE605A4A}.Debug|Any CPU.ActiveCfg = Debug|Any CPU
		{BB7984C3-0DFE-4494-BDF2-D0CACE605A4A}.Debug|Any CPU.Build.0 = Debug|Any CPU
		{BB7984C3-0DFE-4494-BDF2-D0CACE605A4A}.Debug|Any CPU.Deploy.0 = Debug|Any CPU
		{BB7984C3-0DFE-4494-BDF2-D0CACE605A4A}.Debug|iPhone.ActiveCfg = Debug|Any CPU
		{BB7984C3-0DFE-4494-BDF2-D0CACE605A4A}.Debug|iPhone.Build.0 = Debug|Any CPU
		{BB7984C3-0DFE-4494-BDF2-D0CACE605A4A}.Debug|iPhone.Deploy.0 = Debug|Any CPU
		{BB7984C3-0DFE-4494-BDF2-D0CACE605A4A}.Debug|iPhoneSimulator.ActiveCfg = Debug|Any CPU
		{BB7984C3-0DFE-4494-BDF2-D0CACE605A4A}.Debug|iPhoneSimulator.Build.0 = Debug|Any CPU
		{BB7984C3-0DFE-4494-BDF2-D0CACE605A4A}.Debug|iPhoneSimulator.Deploy.0 = Debug|Any CPU
		{BB7984C3-0DFE-4494-BDF2-D0CACE605A4A}.Release|Any CPU.ActiveCfg = Release|Any CPU
		{BB7984C3-0DFE-4494-BDF2-D0CACE605A4A}.Release|Any CPU.Build.0 = Release|Any CPU
		{BB7984C3-0DFE-4494-BDF2-D0CACE605A4A}.Release|Any CPU.Deploy.0 = Release|Any CPU
		{BB7984C3-0DFE-4494-BDF2-D0CACE605A4A}.Release|iPhone.ActiveCfg = Release|Any CPU
		{BB7984C3-0DFE-4494-BDF2-D0CACE605A4A}.Release|iPhone.Build.0 = Release|Any CPU
		{BB7984C3-0DFE-4494-BDF2-D0CACE605A4A}.Release|iPhone.Deploy.0 = Release|Any CPU
		{BB7984C3-0DFE-4494-BDF2-D0CACE605A4A}.Release|iPhoneSimulator.ActiveCfg = Release|Any CPU
		{BB7984C3-0DFE-4494-BDF2-D0CACE605A4A}.Release|iPhoneSimulator.Build.0 = Release|Any CPU
		{BB7984C3-0DFE-4494-BDF2-D0CACE605A4A}.Release|iPhoneSimulator.Deploy.0 = Release|Any CPU
		{F4BFA009-BAA2-40E9-9EE3-C816952A3CEE}.Ad-Hoc|Any CPU.ActiveCfg = Ad-Hoc|iPhone
		{F4BFA009-BAA2-40E9-9EE3-C816952A3CEE}.Ad-Hoc|iPhone.ActiveCfg = Ad-Hoc|iPhone
		{F4BFA009-BAA2-40E9-9EE3-C816952A3CEE}.Ad-Hoc|iPhone.Build.0 = Ad-Hoc|iPhone
		{F4BFA009-BAA2-40E9-9EE3-C816952A3CEE}.Ad-Hoc|iPhoneSimulator.ActiveCfg = Ad-Hoc|iPhoneSimulator
		{F4BFA009-BAA2-40E9-9EE3-C816952A3CEE}.Ad-Hoc|iPhoneSimulator.Build.0 = Ad-Hoc|iPhoneSimulator
		{F4BFA009-BAA2-40E9-9EE3-C816952A3CEE}.AppStore|Any CPU.ActiveCfg = AppStore|iPhone
		{F4BFA009-BAA2-40E9-9EE3-C816952A3CEE}.AppStore|iPhone.ActiveCfg = AppStore|iPhone
		{F4BFA009-BAA2-40E9-9EE3-C816952A3CEE}.AppStore|iPhone.Build.0 = AppStore|iPhone
		{F4BFA009-BAA2-40E9-9EE3-C816952A3CEE}.AppStore|iPhoneSimulator.ActiveCfg = AppStore|iPhoneSimulator
		{F4BFA009-BAA2-40E9-9EE3-C816952A3CEE}.AppStore|iPhoneSimulator.Build.0 = AppStore|iPhoneSimulator
		{F4BFA009-BAA2-40E9-9EE3-C816952A3CEE}.Debug|Any CPU.ActiveCfg = Debug|iPhone
		{F4BFA009-BAA2-40E9-9EE3-C816952A3CEE}.Debug|iPhone.ActiveCfg = Debug|iPhone
		{F4BFA009-BAA2-40E9-9EE3-C816952A3CEE}.Debug|iPhone.Build.0 = Debug|iPhone
		{F4BFA009-BAA2-40E9-9EE3-C816952A3CEE}.Debug|iPhoneSimulator.ActiveCfg = Debug|iPhoneSimulator
		{F4BFA009-BAA2-40E9-9EE3-C816952A3CEE}.Debug|iPhoneSimulator.Build.0 = Debug|iPhoneSimulator
		{F4BFA009-BAA2-40E9-9EE3-C816952A3CEE}.Release|Any CPU.ActiveCfg = Release|iPhone
		{F4BFA009-BAA2-40E9-9EE3-C816952A3CEE}.Release|iPhone.ActiveCfg = Release|iPhone
		{F4BFA009-BAA2-40E9-9EE3-C816952A3CEE}.Release|iPhone.Build.0 = Release|iPhone
		{F4BFA009-BAA2-40E9-9EE3-C816952A3CEE}.Release|iPhoneSimulator.ActiveCfg = Release|iPhoneSimulator
		{F4BFA009-BAA2-40E9-9EE3-C816952A3CEE}.Release|iPhoneSimulator.Build.0 = Release|iPhoneSimulator
		{A2DB2063-9011-4158-8748-84CE29D711A2}.Ad-Hoc|Any CPU.ActiveCfg = Debug|Any CPU
		{A2DB2063-9011-4158-8748-84CE29D711A2}.Ad-Hoc|Any CPU.Build.0 = Debug|Any CPU
		{A2DB2063-9011-4158-8748-84CE29D711A2}.Ad-Hoc|iPhone.ActiveCfg = Debug|Any CPU
		{A2DB2063-9011-4158-8748-84CE29D711A2}.Ad-Hoc|iPhone.Build.0 = Debug|Any CPU
		{A2DB2063-9011-4158-8748-84CE29D711A2}.Ad-Hoc|iPhoneSimulator.ActiveCfg = Debug|Any CPU
		{A2DB2063-9011-4158-8748-84CE29D711A2}.Ad-Hoc|iPhoneSimulator.Build.0 = Debug|Any CPU
		{A2DB2063-9011-4158-8748-84CE29D711A2}.AppStore|Any CPU.ActiveCfg = Debug|Any CPU
		{A2DB2063-9011-4158-8748-84CE29D711A2}.AppStore|Any CPU.Build.0 = Debug|Any CPU
		{A2DB2063-9011-4158-8748-84CE29D711A2}.AppStore|iPhone.ActiveCfg = Debug|Any CPU
		{A2DB2063-9011-4158-8748-84CE29D711A2}.AppStore|iPhone.Build.0 = Debug|Any CPU
		{A2DB2063-9011-4158-8748-84CE29D711A2}.AppStore|iPhoneSimulator.ActiveCfg = Debug|Any CPU
		{A2DB2063-9011-4158-8748-84CE29D711A2}.AppStore|iPhoneSimulator.Build.0 = Debug|Any CPU
		{A2DB2063-9011-4158-8748-84CE29D711A2}.Debug|Any CPU.ActiveCfg = Debug|Any CPU
		{A2DB2063-9011-4158-8748-84CE29D711A2}.Debug|Any CPU.Build.0 = Debug|Any CPU
		{A2DB2063-9011-4158-8748-84CE29D711A2}.Debug|iPhone.ActiveCfg = Debug|Any CPU
		{A2DB2063-9011-4158-8748-84CE29D711A2}.Debug|iPhone.Build.0 = Debug|Any CPU
		{A2DB2063-9011-4158-8748-84CE29D711A2}.Debug|iPhoneSimulator.ActiveCfg = Debug|Any CPU
		{A2DB2063-9011-4158-8748-84CE29D711A2}.Debug|iPhoneSimulator.Build.0 = Debug|Any CPU
		{A2DB2063-9011-4158-8748-84CE29D711A2}.Release|Any CPU.ActiveCfg = Release|Any CPU
		{A2DB2063-9011-4158-8748-84CE29D711A2}.Release|Any CPU.Build.0 = Release|Any CPU
		{A2DB2063-9011-4158-8748-84CE29D711A2}.Release|iPhone.ActiveCfg = Release|Any CPU
		{A2DB2063-9011-4158-8748-84CE29D711A2}.Release|iPhone.Build.0 = Release|Any CPU
		{A2DB2063-9011-4158-8748-84CE29D711A2}.Release|iPhoneSimulator.ActiveCfg = Release|Any CPU
		{A2DB2063-9011-4158-8748-84CE29D711A2}.Release|iPhoneSimulator.Build.0 = Release|Any CPU
	EndGlobalSection
	GlobalSection(SolutionProperties) = preSolution
		HideSolutionNode = FALSE
	EndGlobalSection
	GlobalSection(ExtensibilityGlobals) = postSolution
		SolutionGuid = {74B9C0AC-FF3B-4857-B499-52A0DFA3C488}
	EndGlobalSection
EndGlobal
